{
  "name": "Procurement",
  "lockfileVersion": 3,
  "requires": true,
  "packages": {
    "": {
      "dependencies": {
        "libreoffice": "^0.4.5"
      }
    },
    "node_modules/async": {
      "version": "3.2.6",
      "resolved": "https://registry.npmjs.org/async/-/async-3.2.6.tgz",
      "integrity": "sha512-htCUDlxyyCLMgaM3xXg0C0LW2xqfuQ6p05pCEIsXuyQ+a1koYKTuBMzRNwmybfLgvJDMd0r1LTn4+E0Ti6C2AA==",
      "license": "MIT"
    },
    "node_modules/libreoffice": {
      "version": "0.4.5",
      "resolved": "https://registry.npmjs.org/libreoffice/-/libreoffice-0.4.5.tgz",
      "integrity": "sha512-Ai12fueA8Kdinnr4P3uM2aVdMfi4zU+EP3XzbyvJWUR0TS/DkNpNFheHlVn3237X3vAb92A5NSaLq+XaLAStYA==",
      "license": "MIT",
      "dependencies": {
        "async": "^3.2.3",
        "tmp": "^0.2.1"
      },
      "engines": {
        "node": ">=6"
      }
    },
    "node_modules/tmp": {
      "version": "0.2.5",
      "resolved": "https://registry.npmjs.org/tmp/-/tmp-0.2.5.tgz",
      "integrity": "sha512-voyz6MApa1rQGUxT3E+BK7/ROe8itEx7vD8/HEvt4xwXucvQ5G5oeEiHkmHZJuBO21RpOf+YYm9MOivj709jow==",
      "license": "MIT",
      "engines": {
        "node": ">=14.14"
      }
    }
  }
}
